{
  "name": "node-workspace-playground",
  "version": "1.0.0",
  "lockfileVersion": 2,
  "requires": true,
  "packages": {
    "": {
      "name": "node-workspace-playground",
      "version": "1.0.0",
      "license": "ISC",
      "workspaces": {
        "packages": [
          "packages/*"
        ]
      }
    },
    "node_modules/a": {
      "resolved": "packages/a",
      "link": true
    },
    "node_modules/b": {
      "resolved": "packages/b",
      "link": true
    },
    "node_modules/sax": {
      "version": "1.2.4",
      "resolved": "https://registry.npmjs.org/sax/-/sax-1.2.4.tgz",
      "integrity": "sha512-NqVDv9TpANUjFm0N8uM5GxL36UgKi9/atZw+x7YFnQ8ckwFGKrl4xX4yWtrey3UJm5nP1kUbnYgLopqWNSRhWw=="
    },
    "packages/a": {
      "version": "1.0.0",
      "license": "ISC",
      "dependencies": {
        "sax": "^1.2.4"
      }
    },
    "packages/b": {
      "version": "1.0.0",
      "license": "ISC",
      "dependencies": {
        "sax": "1.1.1"
      }
    },
    "packages/b/node_modules/sax": {
      "version": "1.1.1",
      "resolved": "https://registry.npmjs.org/sax/-/sax-1.1.1.tgz",
      "integrity": "sha1-80Qn+XQ1WeJpcWc1wB4Y8NevEVI="
    }
  },
  "dependencies": {
    "a": {
      "version": "file:packages/a",
      "requires": {
        "sax": "^1.2.4"
      }
    },
    "b": {
      "version": "file:packages/b",
      "requires": {
        "sax": "1.1.1"
      },
      "dependencies": {
        "sax": {
          "version": "1.1.1",
          "resolved": "https://registry.npmjs.org/sax/-/sax-1.1.1.tgz",
          "integrity": "sha1-80Qn+XQ1WeJpcWc1wB4Y8NevEVI="
        }
      }
    },
    "sax": {
      "version": "1.2.4",
      "resolved": "https://registry.npmjs.org/sax/-/sax-1.2.4.tgz",
      "integrity": "sha512-NqVDv9TpANUjFm0N8uM5GxL36UgKi9/atZw+x7YFnQ8ckwFGKrl4xX4yWtrey3UJm5nP1kUbnYgLopqWNSRhWw=="
    }
  }
}
